
Microsoft Visual Studio Solution File, Format Version 12.00
# Visual Studio 15
VisualStudioVersion = 15.0.26730.16
MinimumVisualStudioVersion = 10.0.40219.1
Project("{FAE04EC0-301F-11D3-BF4B-00C04F79EFBC}") = "Zoo", "Zoo\Zoo.csproj", "{D7BB600C-41FF-4655-A947-7DD73B0708F5}"
EndProject
Global
	GlobalSection(SolutionConfigurationPlatforms) = preSolution
		Debug|Any CPU = Debug|Any CPU
		Release|Any CPU = Release|Any CPU
	EndGlobalSection
	GlobalSection(ProjectConfigurationPlatforms) = postSolution
		{D7BB600C-41FF-4655-A947-7DD73B0708F5}.Debug|Any CPU.ActiveCfg = Debug|Any CPU
		{D7BB600C-41FF-4655-A947-7DD73B0708F5}.Debug|Any CPU.Build.0 = Debug|Any CPU
		{D7BB600C-41FF-4655-A947-7DD73B0708F5}.Release|Any CPU.ActiveCfg = Release|Any CPU
		{D7BB600C-41FF-4655-A947-7DD73B0708F5}.Release|Any CPU.Build.0 = Release|Any CPU
	EndGlobalSection
	GlobalSection(SolutionProperties) = preSolution
		HideSolutionNode = FALSE
	EndGlobalSection
	GlobalSection(ExtensibilityGlobals) = postSolution
		SolutionGuid = {D3703885-8BAE-47DF-9684-149D2A7D22BF}
	EndGlobalSection
EndGlobal
